
Microsoft Visual Studio Solution File, Format Version 12.00
# Visual Studio Version 16
VisualStudioVersion = 16.0.31402.337
MinimumVisualStudioVersion = 10.0.40219.1
Project("{9A19103F-16F7-4668-BE54-9A1E7A4F7556}") = "api", "api\api.csproj", "{95EB7984-5480-4BF5-97B1-E97B7492E1CF}"
EndProject
Project("{FAE04EC0-301F-11D3-BF4B-00C04F79EFBC}") = "web", "web\web.csproj", "{39B3FA52-0C51-4FA9-81D6-47FA5772C055}"
EndProject
Global
	GlobalSection(SolutionConfigurationPlatforms) = preSolution
		Debug|Any CPU = Debug|Any CPU
		Release|Any CPU = Release|Any CPU
	EndGlobalSection
	GlobalSection(ProjectConfigurationPlatforms) = postSolution
		{95EB7984-5480-4BF5-97B1-E97B7492E1CF}.Debug|Any CPU.ActiveCfg = Debug|Any CPU
		{95EB7984-5480-4BF5-97B1-E97B7492E1CF}.Debug|Any CPU.Build.0 = Debug|Any CPU
		{95EB7984-5480-4BF5-97B1-E97B7492E1CF}.Release|Any CPU.ActiveCfg = Release|Any CPU
		{95EB7984-5480-4BF5-97B1-E97B7492E1CF}.Release|Any CPU.Build.0 = Release|Any CPU
		{39B3FA52-0C51-4FA9-81D6-47FA5772C055}.Debug|Any CPU.ActiveCfg = Debug|Any CPU
		{39B3FA52-0C51-4FA9-81D6-47FA5772C055}.Debug|Any CPU.Build.0 = Debug|Any CPU
		{39B3FA52-0C51-4FA9-81D6-47FA5772C055}.Release|Any CPU.ActiveCfg = Release|Any CPU
		{39B3FA52-0C51-4FA9-81D6-47FA5772C055}.Release|Any CPU.Build.0 = Release|Any CPU
	EndGlobalSection
	GlobalSection(SolutionProperties) = preSolution
		HideSolutionNode = FALSE
	EndGlobalSection
	GlobalSection(ExtensibilityGlobals) = postSolution
		SolutionGuid = {97DD0540-7F66-42C7-A57F-01828E0B9DDA}
	EndGlobalSection
EndGlobal
